
Microsoft Visual Studio Solution File, Format Version 12.00
# Visual Studio Version 17
VisualStudioVersion = 17.0.31903.59
MinimumVisualStudioVersion = 10.0.40219.1
Project("{9A19103F-16F7-4668-BE54-9A1E7A4F7556}") = "Core", "Core\Core.csproj", "{6DB9E805-6909-4110-B9D5-BE6BF130A347}"
EndProject
Project("{9A19103F-16F7-4668-BE54-9A1E7A4F7556}") = "Pims.Entities", "Pims.Entities\Pims.Entities.csproj", "{AED0A28E-9C05-456D-BB43-548371DC6CBB}"
EndProject
Project("{9A19103F-16F7-4668-BE54-9A1E7A4F7556}") = "Pims.DataAccess", "Pims.DataAccess\Pims.DataAccess.csproj", "{E68ECBFC-D2B4-48CB-95DD-12F336391FA0}"
EndProject
Project("{9A19103F-16F7-4668-BE54-9A1E7A4F7556}") = "Pims.Business", "Pims.Business\Pims.Business.csproj", "{5FAEF041-9EA3-4B32-B263-C77186ADDFF6}"
EndProject
Project("{9A19103F-16F7-4668-BE54-9A1E7A4F7556}") = "Pims.WebAPI", "Pims.WebAPI\Pims.WebAPI.csproj", "{BC2EE25E-75B7-45E4-A319-2595A489463A}"
EndProject
Global
	GlobalSection(SolutionConfigurationPlatforms) = preSolution
		Debug|Any CPU = Debug|Any CPU
		Release|Any CPU = Release|Any CPU
	EndGlobalSection
	GlobalSection(ProjectConfigurationPlatforms) = postSolution
		{6DB9E805-6909-4110-B9D5-BE6BF130A347}.Debug|Any CPU.ActiveCfg = Debug|Any CPU
		{6DB9E805-6909-4110-B9D5-BE6BF130A347}.Debug|Any CPU.Build.0 = Debug|Any CPU
		{6DB9E805-6909-4110-B9D5-BE6BF130A347}.Release|Any CPU.ActiveCfg = Release|Any CPU
		{6DB9E805-6909-4110-B9D5-BE6BF130A347}.Release|Any CPU.Build.0 = Release|Any CPU
		{AED0A28E-9C05-456D-BB43-548371DC6CBB}.Debug|Any CPU.ActiveCfg = Debug|Any CPU
		{AED0A28E-9C05-456D-BB43-548371DC6CBB}.Debug|Any CPU.Build.0 = Debug|Any CPU
		{AED0A28E-9C05-456D-BB43-548371DC6CBB}.Release|Any CPU.ActiveCfg = Release|Any CPU
		{AED0A28E-9C05-456D-BB43-548371DC6CBB}.Release|Any CPU.Build.0 = Release|Any CPU
		{E68ECBFC-D2B4-48CB-95DD-12F336391FA0}.Debug|Any CPU.ActiveCfg = Debug|Any CPU
		{E68ECBFC-D2B4-48CB-95DD-12F336391FA0}.Debug|Any CPU.Build.0 = Debug|Any CPU
		{E68ECBFC-D2B4-48CB-95DD-12F336391FA0}.Release|Any CPU.ActiveCfg = Release|Any CPU
		{E68ECBFC-D2B4-48CB-95DD-12F336391FA0}.Release|Any CPU.Build.0 = Release|Any CPU
		{5FAEF041-9EA3-4B32-B263-C77186ADDFF6}.Debug|Any CPU.ActiveCfg = Debug|Any CPU
		{5FAEF041-9EA3-4B32-B263-C77186ADDFF6}.Debug|Any CPU.Build.0 = Debug|Any CPU
		{5FAEF041-9EA3-4B32-B263-C77186ADDFF6}.Release|Any CPU.ActiveCfg = Release|Any CPU
		{5FAEF041-9EA3-4B32-B263-C77186ADDFF6}.Release|Any CPU.Build.0 = Release|Any CPU
		{BC2EE25E-75B7-45E4-A319-2595A489463A}.Debug|Any CPU.ActiveCfg = Debug|Any CPU
		{BC2EE25E-75B7-45E4-A319-2595A489463A}.Debug|Any CPU.Build.0 = Debug|Any CPU
		{BC2EE25E-75B7-45E4-A319-2595A489463A}.Release|Any CPU.ActiveCfg = Release|Any CPU
		{BC2EE25E-75B7-45E4-A319-2595A489463A}.Release|Any CPU.Build.0 = Release|Any CPU
	EndGlobalSection
	GlobalSection(SolutionProperties) = preSolution
		HideSolutionNode = FALSE
	EndGlobalSection
	GlobalSection(ExtensibilityGlobals) = postSolution
		SolutionGuid = {93AA3D83-3F59-43FC-A79C-5EE194D6ED02}
	EndGlobalSection
EndGlobal
